
Microsoft Visual Studio Solution File, Format Version 12.00
# Visual Studio Version 17
VisualStudioVersion = 17.8.34511.84
MinimumVisualStudioVersion = 10.0.40219.1
Project("{FAE04EC0-301F-11D3-BF4B-00C04F79EFBC}") = "AdminPanel", "AdminPanel\AdminPanel.csproj", "{CF42B432-E739-40BC-8C31-B607E21DF044}"
EndProject
Global
	GlobalSection(SolutionConfigurationPlatforms) = preSolution
		Debug|Any CPU = Debug|Any CPU
		Release|Any CPU = Release|Any CPU
	EndGlobalSection
	GlobalSection(ProjectConfigurationPlatforms) = postSolution
		{CF42B432-E739-40BC-8C31-B607E21DF044}.Debug|Any CPU.ActiveCfg = Debug|Any CPU
		{CF42B432-E739-40BC-8C31-B607E21DF044}.Debug|Any CPU.Build.0 = Debug|Any CPU
		{CF42B432-E739-40BC-8C31-B607E21DF044}.Release|Any CPU.ActiveCfg = Release|Any CPU
		{CF42B432-E739-40BC-8C31-B607E21DF044}.Release|Any CPU.Build.0 = Release|Any CPU
	EndGlobalSection
	GlobalSection(SolutionProperties) = preSolution
		HideSolutionNode = FALSE
	EndGlobalSection
	GlobalSection(ExtensibilityGlobals) = postSolution
		SolutionGuid = {73BCECA9-D243-4368-AF31-91419A0A35AC}
	EndGlobalSection
EndGlobal
